PODS:
  - Flutter (1.0.0)
  - PPG_framework (3.0.4)
  - pushpushgo_sdk (1.2.3):
    - Flutter
    - PPG_framework

DEPENDENCIES:
  - Flutter (from `Flutter`)
  - PPG_framework (from `https://github.com/ppgco/ios-sdk.git`)
  - pushpushgo_sdk (from `.symlinks/plugins/pushpushgo_sdk/ios`)

EXTERNAL SOURCES:
  Flutter:
    :path: Flutter
  PPG_framework:
    :git: https://github.com/ppgco/ios-sdk.git
  pushpushgo_sdk:
    :path: ".symlinks/plugins/pushpushgo_sdk/ios"

CHECKOUT OPTIONS:
  PPG_framework:
    :commit: e2a17d3f71edf8d5cc6b93375828b5a47898b4a1
    :git: https://github.com/ppgco/ios-sdk.git

SPEC CHECKSUMS:
  Flutter: f04841e97a9d0b0a8025694d0796dd46242b2854
  PPG_framework: 8fb3b0bf101b73d38518fe41d3cb95d52a1dd53a
  pushpushgo_sdk: abc573c469e675276e8915b896b0c8bc2945a017

PODFILE CHECKSUM: 92c832b98dba4d899c78f2bc1ba87e772c4c9411

COCOAPODS: 1.12.1
